// !$*UTF8*$!
{
	archiveVersion = 1;
	classes = {
	};
	objectVersion = 46;
	objects = {

/* Begin PBXBuildFile section */
		53FCB8411BDF77E80002D913 /* main.m in Sources */ = {isa = PBXBuildFile; fileRef = 53FCB8401BDF77E80002D913 /* main.m */; };
		53FCB8441BDF77E80002D913 /* AppDelegate.m in Sources */ = {isa = PBXBuildFile; fileRef = 53FCB8431BDF77E80002D913 /* AppDelegate.m */; };
		53FCB8471BDF77E80002D913 /* ViewController.m in Sources */ = {isa = PBXBuildFile; fileRef = 53FCB8461BDF77E80002D913 /* ViewController.m */; };
		53FCB84A1BDF77E80002D913 /* Main.storyboard in Resources */ = {isa = PBXBuildFile; fileRef = 53FCB8481BDF77E80002D913 /* Main.storyboard */; };
		53FCB84C1BDF77E90002D913 /* Assets.xcassets in Resources */ = {isa = PBXBuildFile; fileRef = 53FCB84B1BDF77E90002D913 /* Assets.xcassets */; };
		53FCB84F1BDF77E90002D913 /* LaunchScreen.storyboard in Resources */ = {isa = PBXBuildFile; fileRef = 53FCB84D1BDF77E90002D913 /* LaunchScreen.storyboard */; };
		53FCB85A1BDF77E90002D913 /* testTests.m in Sources */ = {isa = PBXBuildFile; fileRef = 53FCB8591BDF77E90002D913 /* testTests.m */; };
		53FCB8651BDF77E90002D913 /* testUITests.m in Sources */ = {isa = PBXBuildFile; fileRef = 53FCB8641BDF77E90002D913 /* testUITests.m */; };
/* End PBXBuildFile section */

/* Begin PBXContainerItemProxy section */
		53FCB8561BDF77E90002D913 /* PBXContainerItemProxy */ = {
			isa = PBXContainerItemProxy;
			containerPortal = 53FCB8341BDF77E70002D913 /* Project object */;
			proxyType = 1;
			remoteGlobalIDString = 53FCB83B1BDF77E80002D913;
			remoteInfo = test;
		};
		53FCB8611BDF77E90002D913 /* PBXContainerItemProxy */ = {
			isa = PBXContainerItemProxy;
			containerPortal = 53FCB8341BDF77E70002D913 /* Project object */;
			proxyType = 1;
			remoteGlobalIDString = 53FCB83B1BDF77E80002D913;
			remoteInfo = test;
		};
/* End PBXContainerItemProxy section */

/* Begin PBXFileReference section */
		53FCB83C1BDF77E80002D913 /* test.app */ = {isa = PBXFileReference; explicitFileType = wrapper.application; includeInIndex = 0; path = test.app; sourceTree = BUILT_PRODUCTS_DIR; };
		53FCB8401BDF77E80002D913 /* main.m */ = {isa = PBXFileReference; lastKnownFileType = sourcecode.c.objc; path = main.m; sourceTree = "<group>"; };
		53FCB8421BDF77E80002D913 /* AppDelegate.h */ = {isa = PBXFileReference; lastKnownFileType = sourcecode.c.h; path = AppDelegate.h; sourceTree = "<group>"; };
		53FCB8431BDF77E80002D913 /* AppDelegate.m */ = {isa = PBXFileReference; lastKnownFileType = sourcecode.c.objc; path = AppDelegate.m; sourceTree = "<group>"; };
		53FCB8451BDF77E80002D913 /* ViewController.h */ = {isa = PBXFileReference; lastKnownFileType = sourcecode.c.h; path = ViewController.h; sourceTree = "<group>"; };
		53FCB8461BDF77E80002D913 /* ViewController.m */ = {isa = PBXFileReference; lastKnownFileType = sourcecode.c.objc; path = ViewController.m; sourceTree = "<group>"; };
		53FCB8491BDF77E80002D913 /* Base */ = {isa = PBXFileReference; lastKnownFileType = file.storyboard; name = Base; path = Base.lproj/Main.storyboard; sourceTree = "<group>"; };
		53FCB84B1BDF77E90002D913 /* Assets.xcassets */ = {isa = PBXFileReference; lastKnownFileType = folder.assetcatalog; path = Assets.xcassets; sourceTree = "<group>"; };
		53FCB84E1BDF77E90002D913 /* Base */ = {isa = PBXFileReference; lastKnownFileType = file.storyboard; name = Base; path = Base.lproj/LaunchScreen.storyboard; sourceTree = "<group>"; };
		53FCB8501BDF77E90002D913 /* Info.plist */ = {isa = PBXFileReference; lastKnownFileType = text.plist.xml; path = Info.plist; sourceTree = "<group>"; };
		53FCB8551BDF77E90002D913 /* testTests.xctest */ = {isa = PBXFileReference; explicitFileType = wrapper.cfbundle; includeInIndex = 0; path = testTests.xctest; sourceTree = BUILT_PRODUCTS_DIR; };
		53FCB8591BDF77E90002D913 /* testTests.m */ = {isa = PBXFileReference; lastKnownFileType = sourcecode.c.objc; path = testTests.m; sourceTree = "<group>"; };
		53FCB85B1BDF77E90002D913 /* Info.plist */ = {isa = PBXFileReference; lastKnownFileType = text.plist.xml; path = Info.plist; sourceTree = "<group>"; };
		53FCB8601BDF77E90002D913 /* testUITests.xctest */ = {isa = PBXFileReference; explicitFileType = wrapper.cfbundle; includeInIndex = 0; path = testUITests.xctest; sourceTree = BUILT_PRODUCTS_DIR; };
		53FCB8641BDF77E90002D913 /* testUITests.m */ = {isa = PBXFileReference; lastKnownFileType = sourcecode.c.objc; path = testUITests.m; sourceTree = "<group>"; };
		53FCB8661BDF77E90002D913 /* Info.plist */ = {isa = PBXFileReference; lastKnownFileType = text.plist.xml; path = Info.plist; sourceTree = "<group>"; };
/* End PBXFileReference section */

/* Begin PBXFrameworksBuildPhase section */
		53FCB8391BDF77E80002D913 /* Frameworks */ = {
			isa = PBXFrameworksBuildPhase;
			buildActionMask = 2147483647;
			files = (
			);
			runOnlyForDeploymentPostprocessing = 0;
		};
		53FCB8521BDF77E90002D913 /* Frameworks */ = {
			isa = PBXFrameworksBuildPhase;
			buildActionMask = 2147483647;
			files = (
			);
			runOnlyForDeploymentPostprocessing = 0;
		};
		53FCB85D1BDF77E90002D913 /* Frameworks */ = {
			isa = PBXFrameworksBuildPhase;
			buildActionMask = 2147483647;
			files = (
			);
			runOnlyForDeploymentPostprocessing = 0;
		};
/* End PBXFrameworksBuildPhase section */

/* Begin PBXGroup section */
		53FCB8331BDF77E70002D913 = {
			isa = PBXGroup;
			children = (
				53FCB83E1BDF77E80002D913 /* test */,
				53FCB8581BDF77E90002D913 /* testTests */,
				53FCB8631BDF77E90002D913 /* testUITests */,
				53FCB83D1BDF77E80002D913 /* Products */,
			);
			sourceTree = "<group>";
		};
		53FCB83D1BDF77E80002D913 /* Products */ = {
			isa = PBXGroup;
			children = (
				53FCB83C1BDF77E80002D913 /* test.app */,
				53FCB8551BDF77E90002D913 /* testTests.xctest */,
				53FCB8601BDF77E90002D913 /* testUITests.xctest */,
			);
			name = Products;
			sourceTree = "<group>";
		};
		53FCB83E1BDF77E80002D913 /* test */ = {
			isa = PBXGroup;
			children = (
				53FCB8421BDF77E80002D913 /* AppDelegate.h */,
				53FCB8431BDF77E80002D913 /* AppDelegate.m */,
				53FCB8451BDF77E80002D913 /* ViewController.h */,
				53FCB8461BDF77E80002D913 /* ViewController.m */,
				53FCB8481BDF77E80002D913 /* Main.storyboard */,
				53FCB84B1BDF77E90002D913 /* Assets.xcassets */,
				53FCB84D1BDF77E90002D913 /* LaunchScreen.storyboard */,
				53FCB8501BDF77E90002D913 /* Info.plist */,
				53FCB83F1BDF77E80002D913 /* Supporting Files */,
			);
			path = test;
			sourceTree = "<group>";
		};
		53FCB83F1BDF77E80002D913 /* Supporting Files */ = {
			isa = PBXGroup;
			children = (
				53FCB8401BDF77E80002D913 /* main.m */,
			);
			name = "Supporting Files";
			sourceTree = "<group>";
		};
		53FCB8581BDF77E90002D913 /* testTests */ = {
			isa = PBXGroup;
			children = (
				53FCB8591BDF77E90002D913 /* testTests.m */,
				53FCB85B1BDF77E90002D913 /* Info.plist */,
			);
			path = testTests;
			sourceTree = "<group>";
		};
		53FCB8631BDF77E90002D913 /* testUITests */ = {
			isa = PBXGroup;
			children = (
				53FCB8641BDF77E90002D913 /* testUITests.m */,
				53FCB8661BDF77E90002D913 /* Info.plist */,
			);
			path = testUITests;
			sourceTree = "<group>";
		};
/* End PBXGroup section */

/* Begin PBXNativeTarget section */
		53FCB83B1BDF77E80002D913 /* test */ = {
			isa = PBXNativeTarget;
			buildConfigurationList = 53FCB8691BDF77E90002D913 /* Build configuration list for PBXNativeTarget "test" */;
			buildPhases = (
				53FCB8381BDF77E80002D913 /* Sources */,
				53FCB8391BDF77E80002D913 /* Frameworks */,
				53FCB83A1BDF77E80002D913 /* Resources */,
			);
			buildRules = (
			);
			dependencies = (
			);
			name = test;
			productName = test;
			productReference = 53FCB83C1BDF77E80002D913 /* test.app */;
			productType = "com.apple.product-type.application";
		};
		53FCB8541BDF77E90002D913 /* testTests */ = {
			isa = PBXNativeTarget;
			buildConfigurationList = 53FCB86C1BDF77E90002D913 /* Build configuration list for PBXNativeTarget "testTests" */;
			buildPhases = (
				53FCB8511BDF77E90002D913 /* Sources */,
				53FCB8521BDF77E90002D913 /* Frameworks */,
				53FCB8531BDF77E90002D913 /* Resources */,
			);
			buildRules = (
			);
			dependencies = (
				53FCB8571BDF77E90002D913 /* PBXTargetDependency */,
			);
			name = testTests;
			productName = testTests;
			productReference = 53FCB8551BDF77E90002D913 /* testTests.xctest */;
			productType = "com.apple.product-type.bundle.unit-test";
		};
		53FCB85F1BDF77E90002D913 /* testUITests */ = {
			isa = PBXNativeTarget;
			buildConfigurationList = 53FCB86F1BDF77E90002D913 /* Build configuration list for PBXNativeTarget "testUITests" */;
			buildPhases = (
				53FCB85C1BDF77E90002D913 /* Sources */,
				53FCB85D1BDF77E90002D913 /* Frameworks */,
				53FCB85E1BDF77E90002D913 /* Resources */,
			);
			buildRules = (
			);
			dependencies = (
				53FCB8621BDF77E90002D913 /* PBXTargetDependency */,
			);
			name = testUITests;
			productName = testUITests;
			productReference = 53FCB8601BDF77E90002D913 /* testUITests.xctest */;
			productType = "com.apple.product-type.bundle.ui-testing";
		};
/* End PBXNativeTarget section */

/* Begin PBXProject section */
		53FCB8341BDF77E70002D913 /* Project object */ = {
			isa = PBXProject;
			attributes = {
				LastUpgradeCheck = 0700;
				ORGANIZATIONNAME = wujianqiang;
				TargetAttributes = {
					53FCB83B1BDF77E80002D913 = {
						CreatedOnToolsVersion = 7.0.1;
					};
					53FCB8541BDF77E90002D913 = {
						CreatedOnToolsVersion = 7.0.1;
						TestTargetID = 53FCB83B1BDF77E80002D913;
					};
					53FCB85F1BDF77E90002D913 = {
						CreatedOnToolsVersion = 7.0.1;
						TestTargetID = 53FCB83B1BDF77E80002D913;
					};
				};
			};
			buildConfigurationList = 53FCB8371BDF77E70002D913 /* Build configuration list for PBXProject "test" */;
			compatibilityVersion = "Xcode 3.2";
			developmentRegion = English;
			hasScannedForEncodings = 0;
			knownRegions = (
				en,
				Base,
			);
			mainGroup = 53FCB8331BDF77E70002D913;
			productRefGroup = 53FCB83D1BDF77E80002D913 /* Products */;
			projectDirPath = "";
			projectRoot = "";
			targets = (
				53FCB83B1BDF77E80002D913 /* test */,
				53FCB8541BDF77E90002D913 /* testTests */,
				53FCB85F1BDF77E90002D913 /* testUITests */,
			);
		};
/* End PBXProject section */

/* Begin PBXResourcesBuildPhase section */
		53FCB83A1BDF77E80002D913 /* Resources */ = {
			isa = PBXResourcesBuildPhase;
			buildActionMask = 2147483647;
			files = (
				53FCB84F1BDF77E90002D913 /* LaunchScreen.storyboard in Resources */,
				53FCB84C1BDF77E90002D913 /* Assets.xcassets in Resources */,
				53FCB84A1BDF77E80002D913 /* Main.storyboard in Resources */,
			);
			runOnlyForDeploymentPostprocessing = 0;
		};
		53FCB8531BDF77E90002D913 /* Resources */ = {
			isa = PBXResourcesBuildPhase;
			buildActionMask = 2147483647;
			files = (
			);
			runOnlyForDeploymentPostprocessing = 0;
		};
		53FCB85E1BDF77E90002D913 /* Resources */ = {
			isa = PBXResourcesBuildPhase;
			buildActionMask = 2147483647;
			files = (
			);
			runOnlyForDeploymentPostprocessing = 0;
		};
/* End PBXResourcesBuildPhase section */

/* Begin PBXSourcesBuildPhase section */
		53FCB8381BDF77E80002D913 /* Sources */ = {
			isa = PBXSourcesBuildPhase;
			buildActionMask = 2147483647;
			files = (
				53FCB8471BDF77E80002D913 /* ViewController.m in Sources */,
				53FCB8441BDF77E80002D913 /* AppDelegate.m in Sources */,
				53FCB8411BDF77E80002D913 /* main.m in Sources */,
			);
			runOnlyForDeploymentPostprocessing = 0;
		};
		53FCB8511BDF77E90002D913 /* Sources */ = {
			isa = PBXSourcesBuildPhase;
			buildActionMask = 2147483647;
			files = (
				53FCB85A1BDF77E90002D913 /* testTests.m in Sources */,
			);
			runOnlyForDeploymentPostprocessing = 0;
		};
		53FCB85C1BDF77E90002D913 /* Sources */ = {
			isa = PBXSourcesBuildPhase;
			buildActionMask = 2147483647;
			files = (
				53FCB8651BDF77E90002D913 /* testUITests.m in Sources */,
			);
			runOnlyForDeploymentPostprocessing = 0;
		};
/* End PBXSourcesBuildPhase section */

/* Begin PBXTargetDependency section */
		53FCB8571BDF77E90002D913 /* PBXTargetDependency */ = {
			isa = PBXTargetDependency;
			target = 53FCB83B1BDF77E80002D913 /* test */;
			targetProxy = 53FCB8561BDF77E90002D913 /* PBXContainerItemProxy */;
		};
		53FCB8621BDF77E90002D913 /* PBXTargetDependency */ = {
			isa = PBXTargetDependency;
			target = 53FCB83B1BDF77E80002D913 /* test */;
			targetProxy = 53FCB8611BDF77E90002D913 /* PBXContainerItemProxy */;
		};
/* End PBXTargetDependency section */

/* Begin PBXVariantGroup section */
		53FCB8481BDF77E80002D913 /* Main.storyboard */ = {
			isa = PBXVariantGroup;
			children = (
				53FCB8491BDF77E80002D913 /* Base */,
			);
			name = Main.storyboard;
			sourceTree = "<group>";
		};
		53FCB84D1BDF77E90002D913 /* LaunchScreen.storyboard */ = {
			isa = PBXVariantGroup;
			children = (
				53FCB84E1BDF77E90002D913 /* Base */,
			);
			name = LaunchScreen.storyboard;
			sourceTree = "<group>";
		};
/* End PBXVariantGroup section */

/* Begin XCBuildConfiguration section */
		53FCB8671BDF77E90002D913 /* Debug */ = {
			isa = XCBuildConfiguration;
			buildSettings = {
				ALWAYS_SEARCH_USER_PATHS = NO;
				CLANG_CXX_LANGUAGE_STANDARD = "gnu++0x";
				CLANG_CXX_LIBRARY = "libc++";
				CLANG_ENABLE_MODULES = YES;
				CLANG_ENABLE_OBJC_ARC = YES;
				CLANG_WARN_BOOL_CONVERSION = YES;
				CLANG_WARN_CONSTANT_CONVERSION = YES;
				CLANG_WARN_DIRECT_OBJC_ISA_USAGE = YES_ERROR;
				CLANG_WARN_EMPTY_BODY = YES;
				CLANG_WARN_ENUM_CONVERSION = YES;
				CLANG_WARN_INT_CONVERSION = YES;
				CLANG_WARN_OBJC_ROOT_CLASS = YES_ERROR;
				CLANG_WARN_UNREACHABLE_CODE = YES;
				CLANG_WARN__DUPLICATE_METHOD_MATCH = YES;
				"CODE_SIGN_IDENTITY[sdk=iphoneos*]" = "iPhone Developer";
				COPY_PHASE_STRIP = NO;
				DEBUG_INFORMATION_FORMAT = dwarf;
				ENABLE_STRICT_OBJC_MSGSEND = YES;
				ENABLE_TESTABILITY = YES;
				GCC_C_LANGUAGE_STANDARD = gnu99;
				GCC_DYNAMIC_NO_PIC = NO;
				GCC_NO_COMMON_BLOCKS = YES;
				GCC_OPTIMIZATION_LEVEL = 0;
				GCC_PREPROCESSOR_DEFINITIONS = (
					"DEBUG=1",
					"$(inherited)",
				);
				GCC_WARN_64_TO_32_BIT_CONVERSION = YES;
				GCC_WARN_ABOUT_RETURN_TYPE = YES_ERROR;
				GCC_WARN_UNDECLARED_SELECTOR = YES;
				GCC_WARN_UNINITIALIZED_AUTOS = YES_AGGRESSIVE;
				GCC_WARN_UNUSED_FUNCTION = YES;
				GCC_WARN_UNUSED_VARIABLE = YES;
				IPHONEOS_DEPLOYMENT_TARGET = 9.0;
				MTL_ENABLE_DEBUG_INFO = YES;
				ONLY_ACTIVE_ARCH = YES;
				SDKROOT = iphoneos;
				TARGETED_DEVICE_FAMILY = "1,2";
			};
			name = Debug;
		};
		53FCB8681BDF77E90002D913 /* Release */ = {
			isa = XCBuildConfiguration;
			buildSettings = {
				ALWAYS_SEARCH_USER_PATHS = NO;
				CLANG_CXX_LANGUAGE_STANDARD = "gnu++0x";
				CLANG_CXX_LIBRARY = "libc++";
				CLANG_ENABLE_MODULES = YES;
				CLANG_ENABLE_OBJC_ARC = YES;
				CLANG_WARN_BOOL_CONVERSION = YES;
				CLANG_WARN_CONSTANT_CONVERSION = YES;
				CLANG_WARN_DIRECT_OBJC_ISA_USAGE = YES_ERROR;
				CLANG_WARN_EMPTY_BODY = YES;
				CLANG_WARN_ENUM_CONVERSION = YES;
				CLANG_WARN_INT_CONVERSION = YES;
				CLANG_WARN_OBJC_ROOT_CLASS = YES_ERROR;
				CLANG_WARN_UNREACHABLE_CODE = YES;
				CLANG_WARN__DUPLICATE_METHOD_MATCH = YES;
				"CODE_SIGN_IDENTITY[sdk=iphoneos*]" = "iPhone Developer";
				COPY_PHASE_STRIP = NO;
				DEBUG_INFORMATION_FORMAT = "dwarf-with-dsym";
				ENABLE_NS_ASSERTIONS = NO;
				ENABLE_STRICT_OBJC_MSGSEND = YES;
				GCC_C_LANGUAGE_STANDARD = gnu99;
				GCC_NO_COMMON_BLOCKS = YES;
				GCC_WARN_64_TO_32_BIT_CONVERSION = YES;
				GCC_WARN_ABOUT_RETURN_TYPE = YES_ERROR;
				GCC_WARN_UNDECLARED_SELECTOR = YES;
				GCC_WARN_UNINITIALIZED_AUTOS = YES_AGGRESSIVE;
				GCC_WARN_UNUSED_FUNCTION = YES;
				GCC_WARN_UNUSED_VARIABLE = YES;
				IPHONEOS_DEPLOYMENT_TARGET = 9.0;
				MTL_ENABLE_DEBUG_INFO = NO;
				SDKROOT = iphoneos;
				TARGETED_DEVICE_FAMILY = "1,2";
				VALIDATE_PRODUCT = YES;
			};
			name = Release;
		};
		53FCB86A1BDF77E90002D913 /* Debug */ = {
			isa = XCBuildConfiguration;
			buildSettings = {
				ASSETCATALOG_COMPILER_APPICON_NAME = AppIcon;
				INFOPLIST_FILE = test/Info.plist;
				LD_RUNPATH_SEARCH_PATHS = "$(inherited) @executable_path/Frameworks";
				PRODUCT_BUNDLE_IDENTIFIER = com.wujianqiang.test;
				PRODUCT_NAME = "$(TARGET_NAME)";
			};
			name = Debug;
		};
		53FCB86B1BDF77E90002D913 /* Release */ = {
			isa = XCBuildConfiguration;
			buildSettings = {
				ASSETCATALOG_COMPILER_APPICON_NAME = AppIcon;
				INFOPLIST_FILE = test/Info.plist;
				LD_RUNPATH_SEARCH_PATHS = "$(inherited) @executable_path/Frameworks";
				PRODUCT_BUNDLE_IDENTIFIER = com.wujianqiang.test;
				PRODUCT_NAME = "$(TARGET_NAME)";
			};
			name = Release;
		};
		53FCB86D1BDF77E90002D913 /* Debug */ = {
			isa = XCBuildConfiguration;
			buildSettings = {
				BUNDLE_LOADER = "$(TEST_HOST)";
				INFOPLIST_FILE = testTests/Info.plist;
				LD_RUNPATH_SEARCH_PATHS = "$(inherited) @executable_path/Frameworks @loader_path/Frameworks";
				PRODUCT_BUNDLE_IDENTIFIER = com.wujianqiang.testTests;
				PRODUCT_NAME = "$(TARGET_NAME)";
				TEST_HOST = "$(BUILT_PRODUCTS_DIR)/test.app/test";
			};
			name = Debug;
		};
		53FCB86E1BDF77E90002D913 /* Release */ = {
			isa = XCBuildConfiguration;
			buildSettings = {
				BUNDLE_LOADER = "$(TEST_HOST)";
				INFOPLIST_FILE = testTests/Info.plist;
				LD_RUNPATH_SEARCH_PATHS = "$(inherited) @executable_path/Frameworks @loader_path/Frameworks";
				PRODUCT_BUNDLE_IDENTIFIER = com.wujianqiang.testTests;
				PRODUCT_NAME = "$(TARGET_NAME)";
				TEST_HOST = "$(BUILT_PRODUCTS_DIR)/test.app/test";
			};
			name = Release;
		};
		53FCB8701BDF77E90002D913 /* Debug */ = {
			isa = XCBuildConfiguration;
			buildSettings = {
				INFOPLIST_FILE = testUITests/Info.plist;
				LD_RUNPATH_SEARCH_PATHS = "$(inherited) @executable_path/Frameworks @loader_path/Frameworks";
				PRODUCT_BUNDLE_IDENTIFIER = com.wujianqiang.testUITests;
				PRODUCT_NAME = "$(TARGET_NAME)";
				TEST_TARGET_NAME = test;
				USES_XCTRUNNER = YES;
			};
			name = Debug;
		};
		53FCB8711BDF77E90002D913 /* Release */ = {
			isa = XCBuildConfiguration;
			buildSettings = {
				INFOPLIST_FILE = testUITests/Info.plist;
				LD_RUNPATH_SEARCH_PATHS = "$(inherited) @executable_path/Frameworks @loader_path/Frameworks";
				PRODUCT_BUNDLE_IDENTIFIER = com.wujianqiang.testUITests;
				PRODUCT_NAME = "$(TARGET_NAME)";
				TEST_TARGET_NAME = test;
				USES_XCTRUNNER = YES;
			};
			name = Release;
		};
/* End XCBuildConfiguration section */

/* Begin XCConfigurationList section */
		53FCB8371BDF77E70002D913 /* Build configuration list for PBXProject "test" */ = {
			isa = XCConfigurationList;
			buildConfigurations = (
				53FCB8671BDF77E90002D913 /* Debug */,
				53FCB8681BDF77E90002D913 /* Release */,
			);
			defaultConfigurationIsVisible = 0;
			defaultConfigurationName = Release;
		};
		53FCB8691BDF77E90002D913 /* Build configuration list for PBXNativeTarget "test" */ = {
			isa = XCConfigurationList;
			buildConfigurations = (
				53FCB86A1BDF77E90002D913 /* Debug */,
				53FCB86B1BDF77E90002D913 /* Release */,
			);
			defaultConfigurationIsVisible = 0;
		};
		53FCB86C1BDF77E90002D913 /* Build configuration list for PBXNativeTarget "testTests" */ = {
			isa = XCConfigurationList;
			buildConfigurations = (
				53FCB86D1BDF77E90002D913 /* Debug */,
				53FCB86E1BDF77E90002D913 /* Release */,
			);
			defaultConfigurationIsVisible = 0;
		};
		53FCB86F1BDF77E90002D913 /* Build configuration list for PBXNativeTarget "testUITests" */ = {
			isa = XCConfigurationList;
			buildConfigurations = (
				53FCB8701BDF77E90002D913 /* Debug */,
				53FCB8711BDF77E90002D913 /* Release */,
			);
			defaultConfigurationIsVisible = 0;
		};
/* End XCConfigurationList section */
	};
	rootObject = 53FCB8341BDF77E70002D913 /* Project object */;
}
